{
  "name": "lesson-2",
  "version": "1.0.0",
  "lockfileVersion": 1,
  "requires": true,
  "dependencies": {
    "math-lesson-2": {
      "version": "1.0.1",
      "resolved": "https://registry.npmjs.org/math-lesson-2/-/math-lesson-2-1.0.1.tgz",
      "integrity": "sha512-30pHnuUXnGw99DPdnMBRl4KYXfvU2fb8fKNg2Fxz2c56fXROW/gEg2Jq0ruQQIu4UUQYP9/c0UksYOGgyNYG1A=="
    }
  }
}
